
Microsoft Visual Studio Solution File, Format Version 12.00
# Visual Studio Version 17
VisualStudioVersion = 17.0.31903.59
MinimumVisualStudioVersion = 10.0.40219.1
Project("{FAE04EC0-301F-11D3-BF4B-00C04F79EFBC}") = "WindowsProgram", "WindowsProgram\WindowsProgram.csproj", "{89D00E54-FF1C-4C14-9F32-5E6676CD6DDF}"
EndProject
Global
	GlobalSection(SolutionConfigurationPlatforms) = preSolution
		Debug|Any CPU = Debug|Any CPU
		Release|Any CPU = Release|Any CPU
	EndGlobalSection
	GlobalSection(SolutionProperties) = preSolution
		HideSolutionNode = FALSE
	EndGlobalSection
	GlobalSection(ProjectConfigurationPlatforms) = postSolution
		{89D00E54-FF1C-4C14-9F32-5E6676CD6DDF}.Debug|Any CPU.ActiveCfg = Debug|Any CPU
		{89D00E54-FF1C-4C14-9F32-5E6676CD6DDF}.Debug|Any CPU.Build.0 = Debug|Any CPU
		{89D00E54-FF1C-4C14-9F32-5E6676CD6DDF}.Release|Any CPU.ActiveCfg = Release|Any CPU
		{89D00E54-FF1C-4C14-9F32-5E6676CD6DDF}.Release|Any CPU.Build.0 = Release|Any CPU
	EndGlobalSection
EndGlobal
